
Microsoft Visual Studio Solution File, Format Version 11.00
# Visual Studio 2010
Project("{54435603-DBB4-11D2-8724-00A0C9A8B90C}") = "WIMARTS_DISP_SETUP", "wimaRts_Setup\wimaRts_Setup.vdproj", "{6948F534-B858-4EE4-8731-106C1EA7B9C6}"
EndProject
Project("{2150E333-8FDC-42A3-9474-1A3956D46DE8}") = "WIMARTS.DB", "WIMARTS.DB", "{0D3159BF-BB9C-47CB-B003-3D8B887694B0}"
EndProject
Project("{2150E333-8FDC-42A3-9474-1A3956D46DE8}") = "WIMARTS.UTILS", "WIMARTS.UTILS", "{E16FB1B6-D41C-495A-A205-BC14CBFAE4A1}"
EndProject
Project("{2150E333-8FDC-42A3-9474-1A3956D46DE8}") = "WIMARTS.UI", "WIMARTS.UI", "{93827ACA-2483-4C54-AF48-AF1AD5986774}"
EndProject
Project("{2150E333-8FDC-42A3-9474-1A3956D46DE8}") = "WIMARTS.HW", "WIMARTS.HW", "{C2FF3927-E6C7-4A90-B171-FF187249A48F}"
EndProject
Project("{FAE04EC0-301F-11D3-BF4B-00C04F79EFBC}") = "WIMARTS.DB.BusinessObjects", "WIMARTS.DB\WIMARTS.DB.BusinessObjects\WIMARTS.DB.BusinessObjects.csproj", "{3198BC31-7765-4C2A-B242-0C1DE68FDDFF}"
EndProject
Project("{FAE04EC0-301F-11D3-BF4B-00C04F79EFBC}") = "WIMARTS.DB.DAL", "WIMARTS.DB\WIMARTS.DB.DAL\WIMARTS.DB.DAL.csproj", "{DD5691D8-0BD6-42B6-9845-BD77252057FD}"
EndProject
Project("{FAE04EC0-301F-11D3-BF4B-00C04F79EFBC}") = "WIMARTS.DB.Connection", "WIMARTS.DB\WIMARTS.DB.Connection\WIMARTS.DB.Connection.csproj", "{04950E9C-9568-4DB4-B2C3-E9A7E7064508}"
EndProject
Project("{FAE04EC0-301F-11D3-BF4B-00C04F79EFBC}") = "WIMARTS.DB.BLL", "WIMARTS.DB\WIMARTS.DB.BLL\WIMARTS.DB.BLL.csproj", "{9D629898-9E4A-4B09-A77B-85244311329E}"
EndProject
Project("{FAE04EC0-301F-11D3-BF4B-00C04F79EFBC}") = "WIMARTS.DB.HELPER", "WIMARTS.DB\WIMARTS.DB.HELPER\WIMARTS.DB.HELPER.csproj", "{32A85126-C5A3-4590-8D51-DA82446A6B97}"
EndProject
Project("{FAE04EC0-301F-11D3-BF4B-00C04F79EFBC}") = "WIMARTS.INSPECTION", "WIMARTS.HW\WIMARTS.Inspection\WIMARTS.INSPECTION.csproj", "{A7A43FE6-9440-4B51-8FF4-2BFAEB5DB2EF}"
EndProject
Project("{FAE04EC0-301F-11D3-BF4B-00C04F79EFBC}") = "WIMARTS.HWController", "WIMARTS.HW\WIMARTS.HWController\WIMARTS.HWController.csproj", "{30EAFAC7-9390-4AD9-844E-71E02B27F48A}"
EndProject
Project("{FAE04EC0-301F-11D3-BF4B-00C04F79EFBC}") = "WIMARTS.COMMON", "WIMARTS.UI\WIMARTS.COMMON\WIMARTS.COMMON.csproj", "{408BBF2A-E277-40F5-9A00-747A50EC4EF0}"
EndProject
Project("{FAE04EC0-301F-11D3-BF4B-00C04F79EFBC}") = "WIMARTS.MANAGER", "WIMARTS.UI\WIMARTS.MANAGER\WIMARTS.MANAGER.csproj", "{ED8ED818-9692-4744-AA46-D75EA07E15F4}"
EndProject
Project("{FAE04EC0-301F-11D3-BF4B-00C04F79EFBC}") = "WIMARTS.DISPATCH", "WIMARTS.UI\WIMARTS.DISPATCH\WIMARTS.DISPATCH.csproj", "{E0A974AD-BB77-42D5-8447-555B9A4AE1A4}"
EndProject
Project("{FAE04EC0-301F-11D3-BF4B-00C04F79EFBC}") = "WIMARTS.REPORTS", "WIMARTS.UTILS\WIMARTS.REPORTS\WIMARTS.REPORTS.csproj", "{8538375A-AD24-4C6F-BAAE-A116465A03D2}"
EndProject
Project("{FAE04EC0-301F-11D3-BF4B-00C04F79EFBC}") = "WIMARTS.UTIL", "WIMARTS.UTILS\WIMARTS.UTIL\WIMARTS.UTIL.csproj", "{BA851FC4-8478-4B21-9D96-57D8F27DEC9F}"
EndProject
Project("{FAE04EC0-301F-11D3-BF4B-00C04F79EFBC}") = "WIMARTS.iCODEMGR", "WIMARTS.UTILS\WIMARTS.iCODEMGR\WIMARTS.iCODEMGR.csproj", "{112B81D9-2A06-40CE-875F-2CF7BFE9B4A2}"
EndProject
Project("{FAE04EC0-301F-11D3-BF4B-00C04F79EFBC}") = "RedCommunication", "WIMARTS.HW\RedCommunication\RedCommunication.csproj", "{803964F5-0F83-428B-B11E-FC4642B9B209}"
EndProject
Global
	GlobalSection(SolutionConfigurationPlatforms) = preSolution
		Debug|Any CPU = Debug|Any CPU
		Debug|Mixed Platforms = Debug|Mixed Platforms
		Debug|x64 = Debug|x64
		Debug|x86 = Debug|x86
		Release|Any CPU = Release|Any CPU
		Release|Mixed Platforms = Release|Mixed Platforms
		Release|x64 = Release|x64
		Release|x86 = Release|x86
	EndGlobalSection
	GlobalSection(ProjectConfigurationPlatforms) = postSolution
		{6948F534-B858-4EE4-8731-106C1EA7B9C6}.Debug|Any CPU.ActiveCfg = Debug
		{6948F534-B858-4EE4-8731-106C1EA7B9C6}.Debug|Any CPU.Build.0 = Debug
		{6948F534-B858-4EE4-8731-106C1EA7B9C6}.Debug|Mixed Platforms.ActiveCfg = Debug
		{6948F534-B858-4EE4-8731-106C1EA7B9C6}.Debug|Mixed Platforms.Build.0 = Debug
		{6948F534-B858-4EE4-8731-106C1EA7B9C6}.Debug|x64.ActiveCfg = Debug
		{6948F534-B858-4EE4-8731-106C1EA7B9C6}.Debug|x64.Build.0 = Debug
		{6948F534-B858-4EE4-8731-106C1EA7B9C6}.Debug|x86.ActiveCfg = Debug
		{6948F534-B858-4EE4-8731-106C1EA7B9C6}.Debug|x86.Build.0 = Debug
		{6948F534-B858-4EE4-8731-106C1EA7B9C6}.Release|Any CPU.ActiveCfg = Release
		{6948F534-B858-4EE4-8731-106C1EA7B9C6}.Release|Any CPU.Build.0 = Release
		{6948F534-B858-4EE4-8731-106C1EA7B9C6}.Release|Mixed Platforms.ActiveCfg = Release
		{6948F534-B858-4EE4-8731-106C1EA7B9C6}.Release|Mixed Platforms.Build.0 = Release
		{6948F534-B858-4EE4-8731-106C1EA7B9C6}.Release|x64.ActiveCfg = Release
		{6948F534-B858-4EE4-8731-106C1EA7B9C6}.Release|x86.ActiveCfg = Release
		{3198BC31-7765-4C2A-B242-0C1DE68FDDFF}.Debug|Any CPU.ActiveCfg = Debug|Any CPU
		{3198BC31-7765-4C2A-B242-0C1DE68FDDFF}.Debug|Any CPU.Build.0 = Debug|Any CPU
		{3198BC31-7765-4C2A-B242-0C1DE68FDDFF}.Debug|Mixed Platforms.ActiveCfg = Debug|x86
		{3198BC31-7765-4C2A-B242-0C1DE68FDDFF}.Debug|Mixed Platforms.Build.0 = Debug|x86
		{3198BC31-7765-4C2A-B242-0C1DE68FDDFF}.Debug|x64.ActiveCfg = Debug|x64
		{3198BC31-7765-4C2A-B242-0C1DE68FDDFF}.Debug|x64.Build.0 = Debug|x64
		{3198BC31-7765-4C2A-B242-0C1DE68FDDFF}.Debug|x86.ActiveCfg = Debug|x86
		{3198BC31-7765-4C2A-B242-0C1DE68FDDFF}.Debug|x86.Build.0 = Debug|x86
		{3198BC31-7765-4C2A-B242-0C1DE68FDDFF}.Release|Any CPU.ActiveCfg = Release|Any CPU
		{3198BC31-7765-4C2A-B242-0C1DE68FDDFF}.Release|Any CPU.Build.0 = Release|Any CPU
		{3198BC31-7765-4C2A-B242-0C1DE68FDDFF}.Release|Mixed Platforms.ActiveCfg = Release|x86
		{3198BC31-7765-4C2A-B242-0C1DE68FDDFF}.Release|Mixed Platforms.Build.0 = Release|x86
		{3198BC31-7765-4C2A-B242-0C1DE68FDDFF}.Release|x64.ActiveCfg = Release|x64
		{3198BC31-7765-4C2A-B242-0C1DE68FDDFF}.Release|x64.Build.0 = Release|x64
		{3198BC31-7765-4C2A-B242-0C1DE68FDDFF}.Release|x86.ActiveCfg = Release|x86
		{3198BC31-7765-4C2A-B242-0C1DE68FDDFF}.Release|x86.Build.0 = Release|x86
		{DD5691D8-0BD6-42B6-9845-BD77252057FD}.Debug|Any CPU.ActiveCfg = Debug|Any CPU
		{DD5691D8-0BD6-42B6-9845-BD77252057FD}.Debug|Any CPU.Build.0 = Debug|Any CPU
		{DD5691D8-0BD6-42B6-9845-BD77252057FD}.Debug|Mixed Platforms.ActiveCfg = Debug|x86
		{DD5691D8-0BD6-42B6-9845-BD77252057FD}.Debug|Mixed Platforms.Build.0 = Debug|x86
		{DD5691D8-0BD6-42B6-9845-BD77252057FD}.Debug|x64.ActiveCfg = Debug|x64
		{DD5691D8-0BD6-42B6-9845-BD77252057FD}.Debug|x64.Build.0 = Debug|x64
		{DD5691D8-0BD6-42B6-9845-BD77252057FD}.Debug|x86.ActiveCfg = Debug|x86
		{DD5691D8-0BD6-42B6-9845-BD77252057FD}.Debug|x86.Build.0 = Debug|x86
		{DD5691D8-0BD6-42B6-9845-BD77252057FD}.Release|Any CPU.ActiveCfg = Release|Any CPU
		{DD5691D8-0BD6-42B6-9845-BD77252057FD}.Release|Any CPU.Build.0 = Release|Any CPU
		{DD5691D8-0BD6-42B6-9845-BD77252057FD}.Release|Mixed Platforms.ActiveCfg = Release|x86
		{DD5691D8-0BD6-42B6-9845-BD77252057FD}.Release|Mixed Platforms.Build.0 = Release|x86
		{DD5691D8-0BD6-42B6-9845-BD77252057FD}.Release|x64.ActiveCfg = Release|x64
		{DD5691D8-0BD6-42B6-9845-BD77252057FD}.Release|x64.Build.0 = Release|x64
		{DD5691D8-0BD6-42B6-9845-BD77252057FD}.Release|x86.ActiveCfg = Release|x86
		{DD5691D8-0BD6-42B6-9845-BD77252057FD}.Release|x86.Build.0 = Release|x86
		{04950E9C-9568-4DB4-B2C3-E9A7E7064508}.Debug|Any CPU.ActiveCfg = Debug|Any CPU
		{04950E9C-9568-4DB4-B2C3-E9A7E7064508}.Debug|Any CPU.Build.0 = Debug|Any CPU
		{04950E9C-9568-4DB4-B2C3-E9A7E7064508}.Debug|Mixed Platforms.ActiveCfg = Debug|x86
		{04950E9C-9568-4DB4-B2C3-E9A7E7064508}.Debug|Mixed Platforms.Build.0 = Debug|x86
		{04950E9C-9568-4DB4-B2C3-E9A7E7064508}.Debug|x64.ActiveCfg = Debug|x64
		{04950E9C-9568-4DB4-B2C3-E9A7E7064508}.Debug|x64.Build.0 = Debug|x64
		{04950E9C-9568-4DB4-B2C3-E9A7E7064508}.Debug|x86.ActiveCfg = Debug|x86
		{04950E9C-9568-4DB4-B2C3-E9A7E7064508}.Debug|x86.Build.0 = Debug|x86
		{04950E9C-9568-4DB4-B2C3-E9A7E7064508}.Release|Any CPU.ActiveCfg = Release|Any CPU
		{04950E9C-9568-4DB4-B2C3-E9A7E7064508}.Release|Any CPU.Build.0 = Release|Any CPU
		{04950E9C-9568-4DB4-B2C3-E9A7E7064508}.Release|Mixed Platforms.ActiveCfg = Release|x86
		{04950E9C-9568-4DB4-B2C3-E9A7E7064508}.Release|Mixed Platforms.Build.0 = Release|x86
		{04950E9C-9568-4DB4-B2C3-E9A7E7064508}.Release|x64.ActiveCfg = Release|x64
		{04950E9C-9568-4DB4-B2C3-E9A7E7064508}.Release|x64.Build.0 = Release|x64
		{04950E9C-9568-4DB4-B2C3-E9A7E7064508}.Release|x86.ActiveCfg = Release|x86
		{04950E9C-9568-4DB4-B2C3-E9A7E7064508}.Release|x86.Build.0 = Release|x86
		{9D629898-9E4A-4B09-A77B-85244311329E}.Debug|Any CPU.ActiveCfg = Debug|Any CPU
		{9D629898-9E4A-4B09-A77B-85244311329E}.Debug|Any CPU.Build.0 = Debug|Any CPU
		{9D629898-9E4A-4B09-A77B-85244311329E}.Debug|Mixed Platforms.ActiveCfg = Debug|x86
		{9D629898-9E4A-4B09-A77B-85244311329E}.Debug|Mixed Platforms.Build.0 = Debug|x86
		{9D629898-9E4A-4B09-A77B-85244311329E}.Debug|x64.ActiveCfg = Debug|x64
		{9D629898-9E4A-4B09-A77B-85244311329E}.Debug|x64.Build.0 = Debug|x64
		{9D629898-9E4A-4B09-A77B-85244311329E}.Debug|x86.ActiveCfg = Debug|x86
		{9D629898-9E4A-4B09-A77B-85244311329E}.Debug|x86.Build.0 = Debug|x86
		{9D629898-9E4A-4B09-A77B-85244311329E}.Release|Any CPU.ActiveCfg = Release|Any CPU
		{9D629898-9E4A-4B09-A77B-85244311329E}.Release|Any CPU.Build.0 = Release|Any CPU
		{9D629898-9E4A-4B09-A77B-85244311329E}.Release|Mixed Platforms.ActiveCfg = Release|x86
		{9D629898-9E4A-4B09-A77B-85244311329E}.Release|Mixed Platforms.Build.0 = Release|x86
		{9D629898-9E4A-4B09-A77B-85244311329E}.Release|x64.ActiveCfg = Release|x64
		{9D629898-9E4A-4B09-A77B-85244311329E}.Release|x64.Build.0 = Release|x64
		{9D629898-9E4A-4B09-A77B-85244311329E}.Release|x86.ActiveCfg = Release|x86
		{9D629898-9E4A-4B09-A77B-85244311329E}.Release|x86.Build.0 = Release|x86
		{32A85126-C5A3-4590-8D51-DA82446A6B97}.Debug|Any CPU.ActiveCfg = Debug|Any CPU
		{32A85126-C5A3-4590-8D51-DA82446A6B97}.Debug|Any CPU.Build.0 = Debug|Any CPU
		{32A85126-C5A3-4590-8D51-DA82446A6B97}.Debug|Mixed Platforms.ActiveCfg = Debug|x86
		{32A85126-C5A3-4590-8D51-DA82446A6B97}.Debug|Mixed Platforms.Build.0 = Debug|x86
		{32A85126-C5A3-4590-8D51-DA82446A6B97}.Debug|x64.ActiveCfg = Debug|x64
		{32A85126-C5A3-4590-8D51-DA82446A6B97}.Debug|x64.Build.0 = Debug|x64
		{32A85126-C5A3-4590-8D51-DA82446A6B97}.Debug|x86.ActiveCfg = Debug|x86
		{32A85126-C5A3-4590-8D51-DA82446A6B97}.Debug|x86.Build.0 = Debug|x86
		{32A85126-C5A3-4590-8D51-DA82446A6B97}.Release|Any CPU.ActiveCfg = Release|Any CPU
		{32A85126-C5A3-4590-8D51-DA82446A6B97}.Release|Any CPU.Build.0 = Release|Any CPU
		{32A85126-C5A3-4590-8D51-DA82446A6B97}.Release|Mixed Platforms.ActiveCfg = Release|x86
		{32A85126-C5A3-4590-8D51-DA82446A6B97}.Release|Mixed Platforms.Build.0 = Release|x86
		{32A85126-C5A3-4590-8D51-DA82446A6B97}.Release|x64.ActiveCfg = Release|x64
		{32A85126-C5A3-4590-8D51-DA82446A6B97}.Release|x64.Build.0 = Release|x64
		{32A85126-C5A3-4590-8D51-DA82446A6B97}.Release|x86.ActiveCfg = Release|x86
		{32A85126-C5A3-4590-8D51-DA82446A6B97}.Release|x86.Build.0 = Release|x86
		{A7A43FE6-9440-4B51-8FF4-2BFAEB5DB2EF}.Debug|Any CPU.ActiveCfg = Debug|x64
		{A7A43FE6-9440-4B51-8FF4-2BFAEB5DB2EF}.Debug|Mixed Platforms.ActiveCfg = Debug|x64
		{A7A43FE6-9440-4B51-8FF4-2BFAEB5DB2EF}.Debug|Mixed Platforms.Build.0 = Debug|x64
		{A7A43FE6-9440-4B51-8FF4-2BFAEB5DB2EF}.Debug|x64.ActiveCfg = Debug|x64
		{A7A43FE6-9440-4B51-8FF4-2BFAEB5DB2EF}.Debug|x64.Build.0 = Debug|x64
		{A7A43FE6-9440-4B51-8FF4-2BFAEB5DB2EF}.Debug|x86.ActiveCfg = Debug|x86
		{A7A43FE6-9440-4B51-8FF4-2BFAEB5DB2EF}.Debug|x86.Build.0 = Debug|x86
		{A7A43FE6-9440-4B51-8FF4-2BFAEB5DB2EF}.Release|Any CPU.ActiveCfg = Release|x64
		{A7A43FE6-9440-4B51-8FF4-2BFAEB5DB2EF}.Release|Mixed Platforms.ActiveCfg = Release|x64
		{A7A43FE6-9440-4B51-8FF4-2BFAEB5DB2EF}.Release|Mixed Platforms.Build.0 = Release|x64
		{A7A43FE6-9440-4B51-8FF4-2BFAEB5DB2EF}.Release|x64.ActiveCfg = Release|x64
		{A7A43FE6-9440-4B51-8FF4-2BFAEB5DB2EF}.Release|x64.Build.0 = Release|x64
		{A7A43FE6-9440-4B51-8FF4-2BFAEB5DB2EF}.Release|x86.ActiveCfg = Release|x86
		{A7A43FE6-9440-4B51-8FF4-2BFAEB5DB2EF}.Release|x86.Build.0 = Release|x86
		{30EAFAC7-9390-4AD9-844E-71E02B27F48A}.Debug|Any CPU.ActiveCfg = Debug|Any CPU
		{30EAFAC7-9390-4AD9-844E-71E02B27F48A}.Debug|Any CPU.Build.0 = Debug|Any CPU
		{30EAFAC7-9390-4AD9-844E-71E02B27F48A}.Debug|Mixed Platforms.ActiveCfg = Debug|x86
		{30EAFAC7-9390-4AD9-844E-71E02B27F48A}.Debug|Mixed Platforms.Build.0 = Debug|x86
		{30EAFAC7-9390-4AD9-844E-71E02B27F48A}.Debug|x64.ActiveCfg = Debug|x64
		{30EAFAC7-9390-4AD9-844E-71E02B27F48A}.Debug|x64.Build.0 = Debug|x64
		{30EAFAC7-9390-4AD9-844E-71E02B27F48A}.Debug|x86.ActiveCfg = Debug|x86
		{30EAFAC7-9390-4AD9-844E-71E02B27F48A}.Debug|x86.Build.0 = Debug|x86
		{30EAFAC7-9390-4AD9-844E-71E02B27F48A}.Release|Any CPU.ActiveCfg = Release|Any CPU
		{30EAFAC7-9390-4AD9-844E-71E02B27F48A}.Release|Any CPU.Build.0 = Release|Any CPU
		{30EAFAC7-9390-4AD9-844E-71E02B27F48A}.Release|Mixed Platforms.ActiveCfg = Release|x86
		{30EAFAC7-9390-4AD9-844E-71E02B27F48A}.Release|Mixed Platforms.Build.0 = Release|x86
		{30EAFAC7-9390-4AD9-844E-71E02B27F48A}.Release|x64.ActiveCfg = Release|x64
		{30EAFAC7-9390-4AD9-844E-71E02B27F48A}.Release|x64.Build.0 = Release|x64
		{30EAFAC7-9390-4AD9-844E-71E02B27F48A}.Release|x86.ActiveCfg = Release|x86
		{30EAFAC7-9390-4AD9-844E-71E02B27F48A}.Release|x86.Build.0 = Release|x86
		{408BBF2A-E277-40F5-9A00-747A50EC4EF0}.Debug|Any CPU.ActiveCfg = Debug|Any CPU
		{408BBF2A-E277-40F5-9A00-747A50EC4EF0}.Debug|Any CPU.Build.0 = Debug|Any CPU
		{408BBF2A-E277-40F5-9A00-747A50EC4EF0}.Debug|Mixed Platforms.ActiveCfg = Debug|x86
		{408BBF2A-E277-40F5-9A00-747A50EC4EF0}.Debug|Mixed Platforms.Build.0 = Debug|x86
		{408BBF2A-E277-40F5-9A00-747A50EC4EF0}.Debug|x64.ActiveCfg = Debug|x86
		{408BBF2A-E277-40F5-9A00-747A50EC4EF0}.Debug|x86.ActiveCfg = Debug|x86
		{408BBF2A-E277-40F5-9A00-747A50EC4EF0}.Debug|x86.Build.0 = Debug|x86
		{408BBF2A-E277-40F5-9A00-747A50EC4EF0}.Release|Any CPU.ActiveCfg = Release|Any CPU
		{408BBF2A-E277-40F5-9A00-747A50EC4EF0}.Release|Any CPU.Build.0 = Release|Any CPU
		{408BBF2A-E277-40F5-9A00-747A50EC4EF0}.Release|Mixed Platforms.ActiveCfg = Release|x86
		{408BBF2A-E277-40F5-9A00-747A50EC4EF0}.Release|Mixed Platforms.Build.0 = Release|x86
		{408BBF2A-E277-40F5-9A00-747A50EC4EF0}.Release|x64.ActiveCfg = Release|x86
		{408BBF2A-E277-40F5-9A00-747A50EC4EF0}.Release|x86.ActiveCfg = Release|x86
		{408BBF2A-E277-40F5-9A00-747A50EC4EF0}.Release|x86.Build.0 = Release|x86
		{ED8ED818-9692-4744-AA46-D75EA07E15F4}.Debug|Any CPU.ActiveCfg = Debug|x64
		{ED8ED818-9692-4744-AA46-D75EA07E15F4}.Debug|Mixed Platforms.ActiveCfg = Debug|x64
		{ED8ED818-9692-4744-AA46-D75EA07E15F4}.Debug|Mixed Platforms.Build.0 = Debug|x64
		{ED8ED818-9692-4744-AA46-D75EA07E15F4}.Debug|x64.ActiveCfg = Debug|x64
		{ED8ED818-9692-4744-AA46-D75EA07E15F4}.Debug|x64.Build.0 = Debug|x64
		{ED8ED818-9692-4744-AA46-D75EA07E15F4}.Debug|x86.ActiveCfg = Debug|x86
		{ED8ED818-9692-4744-AA46-D75EA07E15F4}.Debug|x86.Build.0 = Debug|x86
		{ED8ED818-9692-4744-AA46-D75EA07E15F4}.Release|Any CPU.ActiveCfg = Release|x64
		{ED8ED818-9692-4744-AA46-D75EA07E15F4}.Release|Mixed Platforms.ActiveCfg = Release|x64
		{ED8ED818-9692-4744-AA46-D75EA07E15F4}.Release|Mixed Platforms.Build.0 = Release|x64
		{ED8ED818-9692-4744-AA46-D75EA07E15F4}.Release|x64.ActiveCfg = Release|x64
		{ED8ED818-9692-4744-AA46-D75EA07E15F4}.Release|x64.Build.0 = Release|x64
		{ED8ED818-9692-4744-AA46-D75EA07E15F4}.Release|x86.ActiveCfg = Release|x86
		{ED8ED818-9692-4744-AA46-D75EA07E15F4}.Release|x86.Build.0 = Release|x86
		{E0A974AD-BB77-42D5-8447-555B9A4AE1A4}.Debug|Any CPU.ActiveCfg = Debug|x64
		{E0A974AD-BB77-42D5-8447-555B9A4AE1A4}.Debug|Mixed Platforms.ActiveCfg = Debug|x64
		{E0A974AD-BB77-42D5-8447-555B9A4AE1A4}.Debug|Mixed Platforms.Build.0 = Debug|x64
		{E0A974AD-BB77-42D5-8447-555B9A4AE1A4}.Debug|x64.ActiveCfg = Debug|x64
		{E0A974AD-BB77-42D5-8447-555B9A4AE1A4}.Debug|x64.Build.0 = Debug|x64
		{E0A974AD-BB77-42D5-8447-555B9A4AE1A4}.Debug|x86.ActiveCfg = Debug|x86
		{E0A974AD-BB77-42D5-8447-555B9A4AE1A4}.Debug|x86.Build.0 = Debug|x86
		{E0A974AD-BB77-42D5-8447-555B9A4AE1A4}.Release|Any CPU.ActiveCfg = Release|x64
		{E0A974AD-BB77-42D5-8447-555B9A4AE1A4}.Release|Mixed Platforms.ActiveCfg = Release|x64
		{E0A974AD-BB77-42D5-8447-555B9A4AE1A4}.Release|Mixed Platforms.Build.0 = Release|x64
		{E0A974AD-BB77-42D5-8447-555B9A4AE1A4}.Release|x64.ActiveCfg = Release|x64
		{E0A974AD-BB77-42D5-8447-555B9A4AE1A4}.Release|x64.Build.0 = Release|x64
		{E0A974AD-BB77-42D5-8447-555B9A4AE1A4}.Release|x86.ActiveCfg = Release|x86
		{E0A974AD-BB77-42D5-8447-555B9A4AE1A4}.Release|x86.Build.0 = Release|x86
		{8538375A-AD24-4C6F-BAAE-A116465A03D2}.Debug|Any CPU.ActiveCfg = Debug|Any CPU
		{8538375A-AD24-4C6F-BAAE-A116465A03D2}.Debug|Any CPU.Build.0 = Debug|Any CPU
		{8538375A-AD24-4C6F-BAAE-A116465A03D2}.Debug|Mixed Platforms.ActiveCfg = Debug|x86
		{8538375A-AD24-4C6F-BAAE-A116465A03D2}.Debug|Mixed Platforms.Build.0 = Debug|x86
		{8538375A-AD24-4C6F-BAAE-A116465A03D2}.Debug|x64.ActiveCfg = Debug|x64
		{8538375A-AD24-4C6F-BAAE-A116465A03D2}.Debug|x64.Build.0 = Debug|x64
		{8538375A-AD24-4C6F-BAAE-A116465A03D2}.Debug|x86.ActiveCfg = Debug|x86
		{8538375A-AD24-4C6F-BAAE-A116465A03D2}.Debug|x86.Build.0 = Debug|x86
		{8538375A-AD24-4C6F-BAAE-A116465A03D2}.Release|Any CPU.ActiveCfg = Release|Any CPU
		{8538375A-AD24-4C6F-BAAE-A116465A03D2}.Release|Any CPU.Build.0 = Release|Any CPU
		{8538375A-AD24-4C6F-BAAE-A116465A03D2}.Release|Mixed Platforms.ActiveCfg = Release|x86
		{8538375A-AD24-4C6F-BAAE-A116465A03D2}.Release|Mixed Platforms.Build.0 = Release|x86
		{8538375A-AD24-4C6F-BAAE-A116465A03D2}.Release|x64.ActiveCfg = Release|x64
		{8538375A-AD24-4C6F-BAAE-A116465A03D2}.Release|x64.Build.0 = Release|x64
		{8538375A-AD24-4C6F-BAAE-A116465A03D2}.Release|x86.ActiveCfg = Release|x86
		{8538375A-AD24-4C6F-BAAE-A116465A03D2}.Release|x86.Build.0 = Release|x86
		{BA851FC4-8478-4B21-9D96-57D8F27DEC9F}.Debug|Any CPU.ActiveCfg = Debug|Any CPU
		{BA851FC4-8478-4B21-9D96-57D8F27DEC9F}.Debug|Any CPU.Build.0 = Debug|Any CPU
		{BA851FC4-8478-4B21-9D96-57D8F27DEC9F}.Debug|Mixed Platforms.ActiveCfg = Debug|x86
		{BA851FC4-8478-4B21-9D96-57D8F27DEC9F}.Debug|Mixed Platforms.Build.0 = Debug|x86
		{BA851FC4-8478-4B21-9D96-57D8F27DEC9F}.Debug|x64.ActiveCfg = Debug|x64
		{BA851FC4-8478-4B21-9D96-57D8F27DEC9F}.Debug|x64.Build.0 = Debug|x64
		{BA851FC4-8478-4B21-9D96-57D8F27DEC9F}.Debug|x86.ActiveCfg = Debug|x86
		{BA851FC4-8478-4B21-9D96-57D8F27DEC9F}.Debug|x86.Build.0 = Debug|x86
		{BA851FC4-8478-4B21-9D96-57D8F27DEC9F}.Release|Any CPU.ActiveCfg = Release|Any CPU
		{BA851FC4-8478-4B21-9D96-57D8F27DEC9F}.Release|Any CPU.Build.0 = Release|Any CPU
		{BA851FC4-8478-4B21-9D96-57D8F27DEC9F}.Release|Mixed Platforms.ActiveCfg = Release|x86
		{BA851FC4-8478-4B21-9D96-57D8F27DEC9F}.Release|Mixed Platforms.Build.0 = Release|x86
		{BA851FC4-8478-4B21-9D96-57D8F27DEC9F}.Release|x64.ActiveCfg = Release|x64
		{BA851FC4-8478-4B21-9D96-57D8F27DEC9F}.Release|x64.Build.0 = Release|x64
		{BA851FC4-8478-4B21-9D96-57D8F27DEC9F}.Release|x86.ActiveCfg = Release|x86
		{BA851FC4-8478-4B21-9D96-57D8F27DEC9F}.Release|x86.Build.0 = Release|x86
		{112B81D9-2A06-40CE-875F-2CF7BFE9B4A2}.Debug|Any CPU.ActiveCfg = Debug|Any CPU
		{112B81D9-2A06-40CE-875F-2CF7BFE9B4A2}.Debug|Any CPU.Build.0 = Debug|Any CPU
		{112B81D9-2A06-40CE-875F-2CF7BFE9B4A2}.Debug|Mixed Platforms.ActiveCfg = Debug|x86
		{112B81D9-2A06-40CE-875F-2CF7BFE9B4A2}.Debug|Mixed Platforms.Build.0 = Debug|x86
		{112B81D9-2A06-40CE-875F-2CF7BFE9B4A2}.Debug|x64.ActiveCfg = Debug|x64
		{112B81D9-2A06-40CE-875F-2CF7BFE9B4A2}.Debug|x64.Build.0 = Debug|x64
		{112B81D9-2A06-40CE-875F-2CF7BFE9B4A2}.Debug|x86.ActiveCfg = Debug|x86
		{112B81D9-2A06-40CE-875F-2CF7BFE9B4A2}.Debug|x86.Build.0 = Debug|x86
		{112B81D9-2A06-40CE-875F-2CF7BFE9B4A2}.Release|Any CPU.ActiveCfg = Release|Any CPU
		{112B81D9-2A06-40CE-875F-2CF7BFE9B4A2}.Release|Any CPU.Build.0 = Release|Any CPU
		{112B81D9-2A06-40CE-875F-2CF7BFE9B4A2}.Release|Mixed Platforms.ActiveCfg = Release|x86
		{112B81D9-2A06-40CE-875F-2CF7BFE9B4A2}.Release|Mixed Platforms.Build.0 = Release|x86
		{112B81D9-2A06-40CE-875F-2CF7BFE9B4A2}.Release|x64.ActiveCfg = Release|x64
		{112B81D9-2A06-40CE-875F-2CF7BFE9B4A2}.Release|x64.Build.0 = Release|x64
		{112B81D9-2A06-40CE-875F-2CF7BFE9B4A2}.Release|x86.ActiveCfg = Release|x86
		{112B81D9-2A06-40CE-875F-2CF7BFE9B4A2}.Release|x86.Build.0 = Release|x86
		{803964F5-0F83-428B-B11E-FC4642B9B209}.Debug|Any CPU.ActiveCfg = Debug|Any CPU
		{803964F5-0F83-428B-B11E-FC4642B9B209}.Debug|Any CPU.Build.0 = Debug|Any CPU
		{803964F5-0F83-428B-B11E-FC4642B9B209}.Debug|Mixed Platforms.ActiveCfg = Debug|x86
		{803964F5-0F83-428B-B11E-FC4642B9B209}.Debug|Mixed Platforms.Build.0 = Debug|x86
		{803964F5-0F83-428B-B11E-FC4642B9B209}.Debug|x64.ActiveCfg = Debug|x86
		{803964F5-0F83-428B-B11E-FC4642B9B209}.Debug|x86.ActiveCfg = Debug|x86
		{803964F5-0F83-428B-B11E-FC4642B9B209}.Debug|x86.Build.0 = Debug|x86
		{803964F5-0F83-428B-B11E-FC4642B9B209}.Release|Any CPU.ActiveCfg = Release|Any CPU
		{803964F5-0F83-428B-B11E-FC4642B9B209}.Release|Any CPU.Build.0 = Release|Any CPU
		{803964F5-0F83-428B-B11E-FC4642B9B209}.Release|Mixed Platforms.ActiveCfg = Release|x86
		{803964F5-0F83-428B-B11E-FC4642B9B209}.Release|Mixed Platforms.Build.0 = Release|x86
		{803964F5-0F83-428B-B11E-FC4642B9B209}.Release|x64.ActiveCfg = Release|x86
		{803964F5-0F83-428B-B11E-FC4642B9B209}.Release|x86.ActiveCfg = Release|x86
		{803964F5-0F83-428B-B11E-FC4642B9B209}.Release|x86.Build.0 = Release|x86
	EndGlobalSection
	GlobalSection(SolutionProperties) = preSolution
		HideSolutionNode = FALSE
	EndGlobalSection
	GlobalSection(NestedProjects) = preSolution
		{3198BC31-7765-4C2A-B242-0C1DE68FDDFF} = {0D3159BF-BB9C-47CB-B003-3D8B887694B0}
		{DD5691D8-0BD6-42B6-9845-BD77252057FD} = {0D3159BF-BB9C-47CB-B003-3D8B887694B0}
		{04950E9C-9568-4DB4-B2C3-E9A7E7064508} = {0D3159BF-BB9C-47CB-B003-3D8B887694B0}
		{9D629898-9E4A-4B09-A77B-85244311329E} = {0D3159BF-BB9C-47CB-B003-3D8B887694B0}
		{32A85126-C5A3-4590-8D51-DA82446A6B97} = {0D3159BF-BB9C-47CB-B003-3D8B887694B0}
		{8538375A-AD24-4C6F-BAAE-A116465A03D2} = {E16FB1B6-D41C-495A-A205-BC14CBFAE4A1}
		{BA851FC4-8478-4B21-9D96-57D8F27DEC9F} = {E16FB1B6-D41C-495A-A205-BC14CBFAE4A1}
		{112B81D9-2A06-40CE-875F-2CF7BFE9B4A2} = {E16FB1B6-D41C-495A-A205-BC14CBFAE4A1}
		{408BBF2A-E277-40F5-9A00-747A50EC4EF0} = {93827ACA-2483-4C54-AF48-AF1AD5986774}
		{ED8ED818-9692-4744-AA46-D75EA07E15F4} = {93827ACA-2483-4C54-AF48-AF1AD5986774}
		{E0A974AD-BB77-42D5-8447-555B9A4AE1A4} = {93827ACA-2483-4C54-AF48-AF1AD5986774}
		{A7A43FE6-9440-4B51-8FF4-2BFAEB5DB2EF} = {C2FF3927-E6C7-4A90-B171-FF187249A48F}
		{30EAFAC7-9390-4AD9-844E-71E02B27F48A} = {C2FF3927-E6C7-4A90-B171-FF187249A48F}
		{803964F5-0F83-428B-B11E-FC4642B9B209} = {C2FF3927-E6C7-4A90-B171-FF187249A48F}
	EndGlobalSection
EndGlobal
